
Microsoft Visual Studio Solution File, Format Version 12.00
# Visual Studio Version 17
VisualStudioVersion = 17.7.34031.279
MinimumVisualStudioVersion = 10.0.40219.1
Project("{FAE04EC0-301F-11D3-BF4B-00C04F79EFBC}") = "PermutationCalculatorWIN", "PermutationCalculatorWIN\PermutationCalculatorWIN.csproj", "{12E617D1-B2A8-43A7-BD1F-F1CC88BB608D}"
EndProject
Global
	GlobalSection(SolutionConfigurationPlatforms) = preSolution
		Debug|Any CPU = Debug|Any CPU
		Release|Any CPU = Release|Any CPU
	EndGlobalSection
	GlobalSection(ProjectConfigurationPlatforms) = postSolution
		{12E617D1-B2A8-43A7-BD1F-F1CC88BB608D}.Debug|Any CPU.ActiveCfg = Debug|Any CPU
		{12E617D1-B2A8-43A7-BD1F-F1CC88BB608D}.Debug|Any CPU.Build.0 = Debug|Any CPU
		{12E617D1-B2A8-43A7-BD1F-F1CC88BB608D}.Release|Any CPU.ActiveCfg = Release|Any CPU
		{12E617D1-B2A8-43A7-BD1F-F1CC88BB608D}.Release|Any CPU.Build.0 = Release|Any CPU
	EndGlobalSection
	GlobalSection(SolutionProperties) = preSolution
		HideSolutionNode = FALSE
	EndGlobalSection
	GlobalSection(ExtensibilityGlobals) = postSolution
		SolutionGuid = {01EBEF02-17B7-43DF-852D-D96568B9711C}
	EndGlobalSection
EndGlobal
